
Microsoft Visual Studio Solution File, Format Version 12.00
# Visual Studio 15
VisualStudioVersion = 15.0.27004.2009
MinimumVisualStudioVersion = 10.0.40219.1
Project("{9A19103F-16F7-4668-BE54-9A1E7A4F7556}") = "Tangent.Web", "Tangent.Web\Tangent.Web.csproj", "{F60FBEF2-44DF-4A24-AA19-9FEB53112A88}"
EndProject
Project("{FAE04EC0-301F-11D3-BF4B-00C04F79EFBC}") = "Tangent.Tests", "Tangent.Tests\Tangent.Tests.csproj", "{56CAA465-3789-4D3F-ACD8-63F202955E5A}"
EndProject
Global
	GlobalSection(SolutionConfigurationPlatforms) = preSolution
		Debug|Any CPU = Debug|Any CPU
		Release|Any CPU = Release|Any CPU
	EndGlobalSection
	GlobalSection(ProjectConfigurationPlatforms) = postSolution
		{F60FBEF2-44DF-4A24-AA19-9FEB53112A88}.Debug|Any CPU.ActiveCfg = Debug|Any CPU
		{F60FBEF2-44DF-4A24-AA19-9FEB53112A88}.Debug|Any CPU.Build.0 = Debug|Any CPU
		{F60FBEF2-44DF-4A24-AA19-9FEB53112A88}.Release|Any CPU.ActiveCfg = Release|Any CPU
		{F60FBEF2-44DF-4A24-AA19-9FEB53112A88}.Release|Any CPU.Build.0 = Release|Any CPU
		{56CAA465-3789-4D3F-ACD8-63F202955E5A}.Debug|Any CPU.ActiveCfg = Debug|Any CPU
		{56CAA465-3789-4D3F-ACD8-63F202955E5A}.Debug|Any CPU.Build.0 = Debug|Any CPU
		{56CAA465-3789-4D3F-ACD8-63F202955E5A}.Release|Any CPU.ActiveCfg = Release|Any CPU
		{56CAA465-3789-4D3F-ACD8-63F202955E5A}.Release|Any CPU.Build.0 = Release|Any CPU
	EndGlobalSection
	GlobalSection(SolutionProperties) = preSolution
		HideSolutionNode = FALSE
	EndGlobalSection
	GlobalSection(ExtensibilityGlobals) = postSolution
		SolutionGuid = {3998A949-7C4E-47EA-AB95-F16AD60EB6A2}
	EndGlobalSection
EndGlobal
